# This file is autogenerated, do not edit; changes may be undone by the next 'dep ensure'.


[[projects]]
  digest = "1:aac888275c4d362725b47e75d4e660f41435ed1b0524c193d0af8ee873139e5d"
  name = "cloud.google.com/go"
  packages = ["compute/metadata"]
  pruneopts = "UT"
  revision = "bb12be1742b232539b22ad8d0efc7afb02bbae39"
  version = "v0.33.0"

[[projects]]
  digest = "1:97df918963298c287643883209a2c3f642e6593379f97ab400c2a2e219ab647d"
  name = "github.com/golang/protobuf"
  packages = ["proto"]
  pruneopts = "UT"
  revision = "aa810b61a9c79d51363740d207bb46cf8e620ed5"
  version = "v1.2.0"

[[projects]]
  digest = "1:0a69a1c0db3591fcefb47f115b224592c8dfa4368b7ba9fae509d5e16cdc95c8"
  name = "github.com/konsorten/go-windows-terminal-sequences"
  packages = ["."]
  pruneopts = "UT"
  revision = "5c8c8bd35d3832f5d134ae1e1e375b69a4d25242"
  version = "v1.0.1"

[[projects]]
  branch = "master"
  digest = "1:f1eb56e0aea374a843ab93cd4567d477c7c900347e7c6d41c19a7c39e52c15e9"
  name = "github.com/reujab/wallpaper"
  packages = ["."]
  pruneopts = "UT"
  revision = "cfc12107aab16514a117480bd590867ddcd30e19"

[[projects]]
  digest = "1:69b1cc331fca23d702bd72f860c6a647afd0aa9fcbc1d0659b1365e26546dd70"
  name = "github.com/sirupsen/logrus"
  packages = ["."]
  pruneopts = "UT"
  revision = "bcd833dfe83d3cebad139e4a29ed79cb2318bf95"
  version = "v1.2.0"

[[projects]]
  branch = "master"
  digest = "1:38f553aff0273ad6f367cb0a0f8b6eecbaef8dc6cb8b50e57b6a81c1d5b1e332"
  name = "golang.org/x/crypto"
  packages = ["ssh/terminal"]
  pruneopts = "UT"
  revision = "505ab145d0a99da450461ae2c1a9f6cd10d1f447"

[[projects]]
  branch = "master"
  digest = "1:f8b491a7c25030a895a0e579742d07136e6958e77ef2d46e769db8eec4e58fcd"
  name = "golang.org/x/net"
  packages = [
    "context",
    "context/ctxhttp",
  ]
  pruneopts = "UT"
  revision = "88d92db4c548972d942ac2a3531a8a9a34c82ca6"

[[projects]]
  branch = "master"
  digest = "1:d71cf3891adad6f2d608396a8da36e90ac46cd51e34d5a75a31385d2682b43ce"
  name = "golang.org/x/oauth2"
  packages = [
    ".",
    "google",
    "internal",
    "jws",
    "jwt",
  ]
  pruneopts = "UT"
  revision = "f42d05182288abf10faef86d16c0d07b8d40ea2d"

[[projects]]
  branch = "master"
  digest = "1:ba8cbf57cfd92d5f8592b4aca1a35d92c162363d32aeabd5b12555f8896635e7"
  name = "golang.org/x/sys"
  packages = [
    "unix",
    "windows",
  ]
  pruneopts = "UT"
  revision = "4d1cda033e0619309c606fc686de3adcf599539e"

[[projects]]
  branch = "master"
  digest = "1:f48b89cb5946087d81c6f215328f70777cf43e630bfce441c42e9913acde4052"
  name = "google.golang.org/api"
  packages = [
    "gensupport",
    "googleapi",
    "googleapi/internal/uritemplates",
    "photoslibrary/v1",
  ]
  pruneopts = "UT"
  revision = "c5e41677a12edeac5437ebceb220505ec6b90669"

[[projects]]
  digest = "1:d2a8db567a76203e3b41c1f632d86485ffd57f8e650a0d1b19d240671c2fddd7"
  name = "google.golang.org/appengine"
  packages = [
    ".",
    "internal",
    "internal/app_identity",
    "internal/base",
    "internal/datastore",
    "internal/log",
    "internal/modules",
    "internal/remote_api",
    "internal/urlfetch",
    "urlfetch",
  ]
  pruneopts = "UT"
  revision = "4a4468ece617fc8205e99368fa2200e9d1fad421"
  version = "v1.3.0"

[[projects]]
  digest = "1:15e27372d379b45b18ac917b9dafc45c45485239490ece18cca97a12f9591146"
  name = "gopkg.in/ini.v1"
  packages = ["."]
  pruneopts = "UT"
  revision = "9c8236e659b76e87bf02044d06fde8683008ff3e"
  version = "v1.39.0"

[[projects]]
  digest = "1:342378ac4dcb378a5448dd723f0784ae519383532f5e70ade24132c4c8693202"
  name = "gopkg.in/yaml.v2"
  packages = ["."]
  pruneopts = "UT"
  revision = "5420a8b6744d3b0345ab293f6fcba19c978f1183"
  version = "v2.2.1"

[solve-meta]
  analyzer-name = "dep"
  analyzer-version = 1
  input-imports = [
    "github.com/reujab/wallpaper",
    "github.com/sirupsen/logrus",
    "golang.org/x/oauth2",
    "golang.org/x/oauth2/google",
    "google.golang.org/api/photoslibrary/v1",
  ]
  solver-name = "gps-cdcl"
  solver-version = 1
